{
  "name": "grand_grammar",
  "version": "1.0.0",
  "lockfileVersion": 1,
  "requires": true,
  "dependencies": {
    "typed.js": {
      "version": "2.0.6",
      "resolved": "https://registry.npmjs.org/typed.js/-/typed.js-2.0.6.tgz",
      "integrity": "sha512-aGmMVR/J3fD4Dm3WWs1xb44ts47oQnYVgm2RF4BTMDdMpQIru0Jqa/lOkEzcS6eQWucA0lQl08rHgmNdvXkycQ=="
    },
    "vue": {
      "version": "2.5.8",
      "resolved": "https://registry.npmjs.org/vue/-/vue-2.5.8.tgz",
      "integrity": "sha512-aY26SGDHJTCKM+mndzuiQ0dozPpNeWO5Mtq760OrHO0AOiqVHMhzvU5h0LdCkVF9A+vE+DMTm74xSi+sxnMEDg=="
    }
  }
}
